// !$*UTF8*$!
{
	archiveVersion = 1;
	classes = {
	};
	objectVersion = 56;
	objects = {

/* Begin PBXBuildFile section */
		651550722C7C7AF40025FF74 /* AppDelegate.swift in Sources */ = {isa = PBXBuildFile; fileRef = 651550712C7C7AF40025FF74 /* AppDelegate.swift */; };
		651550742C7C7AF40025FF74 /* SceneDelegate.swift in Sources */ = {isa = PBXBuildFile; fileRef = 651550732C7C7AF40025FF74 /* SceneDelegate.swift */; };
		651550762C7C7AF40025FF74 /* ListViewController.swift in Sources */ = {isa = PBXBuildFile; fileRef = 651550752C7C7AF40025FF74 /* ListViewController.swift */; };
		6515507B2C7C7AF60025FF74 /* Assets.xcassets in Resources */ = {isa = PBXBuildFile; fileRef = 6515507A2C7C7AF60025FF74 /* Assets.xcassets */; };
		6515507E2C7C7AF60025FF74 /* Base in Resources */ = {isa = PBXBuildFile; fileRef = 6515507D2C7C7AF60025FF74 /* Base */; };
		651550872C7C83050025FF74 /* ListPresenter.swift in Sources */ = {isa = PBXBuildFile; fileRef = 651550862C7C83050025FF74 /* ListPresenter.swift */; };
		651550892C7C84540025FF74 /* ListRouter.swift in Sources */ = {isa = PBXBuildFile; fileRef = 651550882C7C84540025FF74 /* ListRouter.swift */; };
		6515508B2C7C85510025FF74 /* ListInteractor.swift in Sources */ = {isa = PBXBuildFile; fileRef = 6515508A2C7C85510025FF74 /* ListInteractor.swift */; };
		6515508D2C7C862E0025FF74 /* ListModuleBuilder.swift in Sources */ = {isa = PBXBuildFile; fileRef = 6515508C2C7C862E0025FF74 /* ListModuleBuilder.swift */; };
		651550902C7C8D8B0025FF74 /* TodoData.swift in Sources */ = {isa = PBXBuildFile; fileRef = 6515508F2C7C8D8B0025FF74 /* TodoData.swift */; };
		651550922C7CB6950025FF74 /* NetworkManager.swift in Sources */ = {isa = PBXBuildFile; fileRef = 651550912C7CB6950025FF74 /* NetworkManager.swift */; };
		651550952C7CFB200025FF74 /* TaskViewController.swift in Sources */ = {isa = PBXBuildFile; fileRef = 651550942C7CFB200025FF74 /* TaskViewController.swift */; };
		651550972C7CFB7B0025FF74 /* TaskModuleBuilder.swift in Sources */ = {isa = PBXBuildFile; fileRef = 651550962C7CFB7B0025FF74 /* TaskModuleBuilder.swift */; };
		651550992C7CFBD00025FF74 /* TaskInteractor.swift in Sources */ = {isa = PBXBuildFile; fileRef = 651550982C7CFBD00025FF74 /* TaskInteractor.swift */; };
		6515509B2C7D076C0025FF74 /* TaskPresenter.swift in Sources */ = {isa = PBXBuildFile; fileRef = 6515509A2C7D076C0025FF74 /* TaskPresenter.swift */; };
		6515509D2C7D07960025FF74 /* TaskRouter.swift in Sources */ = {isa = PBXBuildFile; fileRef = 6515509C2C7D07960025FF74 /* TaskRouter.swift */; };
		6515509F2C7DF4F40025FF74 /* Extension.swift in Sources */ = {isa = PBXBuildFile; fileRef = 6515509E2C7DF4F40025FF74 /* Extension.swift */; };
		651550A22C7E13350025FF74 /* ListTableViewCell.swift in Sources */ = {isa = PBXBuildFile; fileRef = 651550A12C7E13350025FF74 /* ListTableViewCell.swift */; };
		651550A62C7F3C510025FF74 /* CoreData.xcdatamodeld in Sources */ = {isa = PBXBuildFile; fileRef = 651550A42C7F3C510025FF74 /* CoreData.xcdatamodeld */; };
		651550AA2C7F41160025FF74 /* Task+CoreDataProperties.swift in Sources */ = {isa = PBXBuildFile; fileRef = 651550A82C7F41160025FF74 /* Task+CoreDataProperties.swift */; };
		651550AC2C7F41E90025FF74 /* StorageManager.swift in Sources */ = {isa = PBXBuildFile; fileRef = 651550AB2C7F41E90025FF74 /* StorageManager.swift */; };
/* End PBXBuildFile section */

/* Begin PBXFileReference section */
		6515506E2C7C7AF40025FF74 /* ToDoList.app */ = {isa = PBXFileReference; explicitFileType = wrapper.application; includeInIndex = 0; path = ToDoList.app; sourceTree = BUILT_PRODUCTS_DIR; };
		651550712C7C7AF40025FF74 /* AppDelegate.swift */ = {isa = PBXFileReference; lastKnownFileType = sourcecode.swift; path = AppDelegate.swift; sourceTree = "<group>"; };
		651550732C7C7AF40025FF74 /* SceneDelegate.swift */ = {isa = PBXFileReference; lastKnownFileType = sourcecode.swift; path = SceneDelegate.swift; sourceTree = "<group>"; };
		651550752C7C7AF40025FF74 /* ListViewController.swift */ = {isa = PBXFileReference; lastKnownFileType = sourcecode.swift; path = ListViewController.swift; sourceTree = "<group>"; };
		6515507A2C7C7AF60025FF74 /* Assets.xcassets */ = {isa = PBXFileReference; lastKnownFileType = folder.assetcatalog; path = Assets.xcassets; sourceTree = "<group>"; };
		6515507D2C7C7AF60025FF74 /* Base */ = {isa = PBXFileReference; lastKnownFileType = file.storyboard; name = Base; path = Base.lproj/LaunchScreen.storyboard; sourceTree = "<group>"; };
		6515507F2C7C7AF60025FF74 /* Info.plist */ = {isa = PBXFileReference; lastKnownFileType = text.plist.xml; path = Info.plist; sourceTree = "<group>"; };
		651550862C7C83050025FF74 /* ListPresenter.swift */ = {isa = PBXFileReference; lastKnownFileType = sourcecode.swift; path = ListPresenter.swift; sourceTree = "<group>"; };
		651550882C7C84540025FF74 /* ListRouter.swift */ = {isa = PBXFileReference; lastKnownFileType = sourcecode.swift; path = ListRouter.swift; sourceTree = "<group>"; };
		6515508A2C7C85510025FF74 /* ListInteractor.swift */ = {isa = PBXFileReference; lastKnownFileType = sourcecode.swift; path = ListInteractor.swift; sourceTree = "<group>"; };
		6515508C2C7C862E0025FF74 /* ListModuleBuilder.swift */ = {isa = PBXFileReference; lastKnownFileType = sourcecode.swift; path = ListModuleBuilder.swift; sourceTree = "<group>"; };
		6515508F2C7C8D8B0025FF74 /* TodoData.swift */ = {isa = PBXFileReference; lastKnownFileType = sourcecode.swift; path = TodoData.swift; sourceTree = "<group>"; };
		651550912C7CB6950025FF74 /* NetworkManager.swift */ = {isa = PBXFileReference; lastKnownFileType = sourcecode.swift; path = NetworkManager.swift; sourceTree = "<group>"; };
		651550942C7CFB200025FF74 /* TaskViewController.swift */ = {isa = PBXFileReference; lastKnownFileType = sourcecode.swift; path = TaskViewController.swift; sourceTree = "<group>"; };
		651550962C7CFB7B0025FF74 /* TaskModuleBuilder.swift */ = {isa = PBXFileReference; lastKnownFileType = sourcecode.swift; path = TaskModuleBuilder.swift; sourceTree = "<group>"; };
		651550982C7CFBD00025FF74 /* TaskInteractor.swift */ = {isa = PBXFileReference; lastKnownFileType = sourcecode.swift; path = TaskInteractor.swift; sourceTree = "<group>"; };
		6515509A2C7D076C0025FF74 /* TaskPresenter.swift */ = {isa = PBXFileReference; lastKnownFileType = sourcecode.swift; path = TaskPresenter.swift; sourceTree = "<group>"; };
		6515509C2C7D07960025FF74 /* TaskRouter.swift */ = {isa = PBXFileReference; lastKnownFileType = sourcecode.swift; path = TaskRouter.swift; sourceTree = "<group>"; };
		6515509E2C7DF4F40025FF74 /* Extension.swift */ = {isa = PBXFileReference; lastKnownFileType = sourcecode.swift; path = Extension.swift; sourceTree = "<group>"; };
		651550A12C7E13350025FF74 /* ListTableViewCell.swift */ = {isa = PBXFileReference; lastKnownFileType = sourcecode.swift; path = ListTableViewCell.swift; sourceTree = "<group>"; };
		651550A52C7F3C510025FF74 /* CoreData.xcdatamodel */ = {isa = PBXFileReference; lastKnownFileType = wrapper.xcdatamodel; path = CoreData.xcdatamodel; sourceTree = "<group>"; };
		651550A82C7F41160025FF74 /* Task+CoreDataProperties.swift */ = {isa = PBXFileReference; lastKnownFileType = sourcecode.swift; path = "Task+CoreDataProperties.swift"; sourceTree = "<group>"; };
		651550AB2C7F41E90025FF74 /* StorageManager.swift */ = {isa = PBXFileReference; lastKnownFileType = sourcecode.swift; path = StorageManager.swift; sourceTree = "<group>"; };
/* End PBXFileReference section */

/* Begin PBXFrameworksBuildPhase section */
		6515506B2C7C7AF40025FF74 /* Frameworks */ = {
			isa = PBXFrameworksBuildPhase;
			buildActionMask = 2147483647;
			files = (
			);
			runOnlyForDeploymentPostprocessing = 0;
		};
/* End PBXFrameworksBuildPhase section */

/* Begin PBXGroup section */
		651550652C7C7AF40025FF74 = {
			isa = PBXGroup;
			children = (
				651550702C7C7AF40025FF74 /* ToDoList */,
				6515506F2C7C7AF40025FF74 /* Products */,
			);
			sourceTree = "<group>";
		};
		6515506F2C7C7AF40025FF74 /* Products */ = {
			isa = PBXGroup;
			children = (
				6515506E2C7C7AF40025FF74 /* ToDoList.app */,
			);
			name = Products;
			sourceTree = "<group>";
		};
		651550702C7C7AF40025FF74 /* ToDoList */ = {
			isa = PBXGroup;
			children = (
				651550712C7C7AF40025FF74 /* AppDelegate.swift */,
				651550732C7C7AF40025FF74 /* SceneDelegate.swift */,
				6515509E2C7DF4F40025FF74 /* Extension.swift */,
				651550A32C7F3C0E0025FF74 /* CoreData */,
				6515508E2C7C8CC40025FF74 /* API */,
				651550A02C7E130C0025FF74 /* List */,
				651550932C7CFAB70025FF74 /* Task */,
				6515507A2C7C7AF60025FF74 /* Assets.xcassets */,
				6515507C2C7C7AF60025FF74 /* LaunchScreen.storyboard */,
				6515507F2C7C7AF60025FF74 /* Info.plist */,
			);
			path = ToDoList;
			sourceTree = "<group>";
		};
		6515508E2C7C8CC40025FF74 /* API */ = {
			isa = PBXGroup;
			children = (
				651550912C7CB6950025FF74 /* NetworkManager.swift */,
				6515508F2C7C8D8B0025FF74 /* TodoData.swift */,
			);
			name = API;
			sourceTree = "<group>";
		};
		651550932C7CFAB70025FF74 /* Task */ = {
			isa = PBXGroup;
			children = (
				651550962C7CFB7B0025FF74 /* TaskModuleBuilder.swift */,
				651550942C7CFB200025FF74 /* TaskViewController.swift */,
				651550982C7CFBD00025FF74 /* TaskInteractor.swift */,
				6515509A2C7D076C0025FF74 /* TaskPresenter.swift */,
				6515509C2C7D07960025FF74 /* TaskRouter.swift */,
			);
			path = Task;
			sourceTree = "<group>";
		};
		651550A02C7E130C0025FF74 /* List */ = {
			isa = PBXGroup;
			children = (
				6515508C2C7C862E0025FF74 /* ListModuleBuilder.swift */,
				651550752C7C7AF40025FF74 /* ListViewController.swift */,
				6515508A2C7C85510025FF74 /* ListInteractor.swift */,
				651550862C7C83050025FF74 /* ListPresenter.swift */,
				651550882C7C84540025FF74 /* ListRouter.swift */,
				651550A12C7E13350025FF74 /* ListTableViewCell.swift */,
			);
			path = List;
			sourceTree = "<group>";
		};
		651550A32C7F3C0E0025FF74 /* CoreData */ = {
			isa = PBXGroup;
			children = (
				651550A42C7F3C510025FF74 /* CoreData.xcdatamodeld */,
				651550AB2C7F41E90025FF74 /* StorageManager.swift */,
				651550A82C7F41160025FF74 /* Task+CoreDataProperties.swift */,
			);
			name = CoreData;
			sourceTree = "<group>";
		};
/* End PBXGroup section */

/* Begin PBXNativeTarget section */
		6515506D2C7C7AF40025FF74 /* ToDoList */ = {
			isa = PBXNativeTarget;
			buildConfigurationList = 651550822C7C7AF60025FF74 /* Build configuration list for PBXNativeTarget "ToDoList" */;
			buildPhases = (
				6515506A2C7C7AF40025FF74 /* Sources */,
				6515506B2C7C7AF40025FF74 /* Frameworks */,
				6515506C2C7C7AF40025FF74 /* Resources */,
			);
			buildRules = (
			);
			dependencies = (
			);
			name = ToDoList;
			productName = ToDoList;
			productReference = 6515506E2C7C7AF40025FF74 /* ToDoList.app */;
			productType = "com.apple.product-type.application";
		};
/* End PBXNativeTarget section */

/* Begin PBXProject section */
		651550662C7C7AF40025FF74 /* Project object */ = {
			isa = PBXProject;
			attributes = {
				BuildIndependentTargetsInParallel = 1;
				LastSwiftUpdateCheck = 1540;
				LastUpgradeCheck = 1540;
				TargetAttributes = {
					6515506D2C7C7AF40025FF74 = {
						CreatedOnToolsVersion = 15.4;
					};
				};
			};
			buildConfigurationList = 651550692C7C7AF40025FF74 /* Build configuration list for PBXProject "ToDoList" */;
			compatibilityVersion = "Xcode 14.0";
			developmentRegion = en;
			hasScannedForEncodings = 0;
			knownRegions = (
				en,
				Base,
			);
			mainGroup = 651550652C7C7AF40025FF74;
			productRefGroup = 6515506F2C7C7AF40025FF74 /* Products */;
			projectDirPath = "";
			projectRoot = "";
			targets = (
				6515506D2C7C7AF40025FF74 /* ToDoList */,
			);
		};
/* End PBXProject section */

/* Begin PBXResourcesBuildPhase section */
		6515506C2C7C7AF40025FF74 /* Resources */ = {
			isa = PBXResourcesBuildPhase;
			buildActionMask = 2147483647;
			files = (
				6515507B2C7C7AF60025FF74 /* Assets.xcassets in Resources */,
				6515507E2C7C7AF60025FF74 /* Base in Resources */,
			);
			runOnlyForDeploymentPostprocessing = 0;
		};
/* End PBXResourcesBuildPhase section */

/* Begin PBXSourcesBuildPhase section */
		6515506A2C7C7AF40025FF74 /* Sources */ = {
			isa = PBXSourcesBuildPhase;
			buildActionMask = 2147483647;
			files = (
				6515509F2C7DF4F40025FF74 /* Extension.swift in Sources */,
				6515508D2C7C862E0025FF74 /* ListModuleBuilder.swift in Sources */,
				6515508B2C7C85510025FF74 /* ListInteractor.swift in Sources */,
				651550762C7C7AF40025FF74 /* ListViewController.swift in Sources */,
				651550902C7C8D8B0025FF74 /* TodoData.swift in Sources */,
				651550A62C7F3C510025FF74 /* CoreData.xcdatamodeld in Sources */,
				651550722C7C7AF40025FF74 /* AppDelegate.swift in Sources */,
				651550972C7CFB7B0025FF74 /* TaskModuleBuilder.swift in Sources */,
				651550922C7CB6950025FF74 /* NetworkManager.swift in Sources */,
				651550AC2C7F41E90025FF74 /* StorageManager.swift in Sources */,
				651550A22C7E13350025FF74 /* ListTableViewCell.swift in Sources */,
				651550AA2C7F41160025FF74 /* Task+CoreDataProperties.swift in Sources */,
				6515509B2C7D076C0025FF74 /* TaskPresenter.swift in Sources */,
				6515509D2C7D07960025FF74 /* TaskRouter.swift in Sources */,
				651550872C7C83050025FF74 /* ListPresenter.swift in Sources */,
				651550952C7CFB200025FF74 /* TaskViewController.swift in Sources */,
				651550892C7C84540025FF74 /* ListRouter.swift in Sources */,
				651550742C7C7AF40025FF74 /* SceneDelegate.swift in Sources */,
				651550992C7CFBD00025FF74 /* TaskInteractor.swift in Sources */,
			);
			runOnlyForDeploymentPostprocessing = 0;
		};
/* End PBXSourcesBuildPhase section */

/* Begin PBXVariantGroup section */
		6515507C2C7C7AF60025FF74 /* LaunchScreen.storyboard */ = {
			isa = PBXVariantGroup;
			children = (
				6515507D2C7C7AF60025FF74 /* Base */,
			);
			name = LaunchScreen.storyboard;
			sourceTree = "<group>";
		};
/* End PBXVariantGroup section */

/* Begin XCBuildConfiguration section */
		651550802C7C7AF60025FF74 /* Debug */ = {
			isa = XCBuildConfiguration;
			buildSettings = {
				ALWAYS_SEARCH_USER_PATHS = NO;
				ASSETCATALOG_COMPILER_GENERATE_SWIFT_ASSET_SYMBOL_EXTENSIONS = YES;
				CLANG_ANALYZER_NONNULL = YES;
				CLANG_ANALYZER_NUMBER_OBJECT_CONVERSION = YES_AGGRESSIVE;
				CLANG_CXX_LANGUAGE_STANDARD = "gnu++20";
				CLANG_ENABLE_MODULES = YES;
				CLANG_ENABLE_OBJC_ARC = YES;
				CLANG_ENABLE_OBJC_WEAK = YES;
				CLANG_WARN_BLOCK_CAPTURE_AUTORELEASING = YES;
				CLANG_WARN_BOOL_CONVERSION = YES;
				CLANG_WARN_COMMA = YES;
				CLANG_WARN_CONSTANT_CONVERSION = YES;
				CLANG_WARN_DEPRECATED_OBJC_IMPLEMENTATIONS = YES;
				CLANG_WARN_DIRECT_OBJC_ISA_USAGE = YES_ERROR;
				CLANG_WARN_DOCUMENTATION_COMMENTS = YES;
				CLANG_WARN_EMPTY_BODY = YES;
				CLANG_WARN_ENUM_CONVERSION = YES;
				CLANG_WARN_INFINITE_RECURSION = YES;
				CLANG_WARN_INT_CONVERSION = YES;
				CLANG_WARN_NON_LITERAL_NULL_CONVERSION = YES;
				CLANG_WARN_OBJC_IMPLICIT_RETAIN_SELF = YES;
				CLANG_WARN_OBJC_LITERAL_CONVERSION = YES;
				CLANG_WARN_OBJC_ROOT_CLASS = YES_ERROR;
				CLANG_WARN_QUOTED_INCLUDE_IN_FRAMEWORK_HEADER = YES;
				CLANG_WARN_RANGE_LOOP_ANALYSIS = YES;
				CLANG_WARN_STRICT_PROTOTYPES = YES;
				CLANG_WARN_SUSPICIOUS_MOVE = YES;
				CLANG_WARN_UNGUARDED_AVAILABILITY = YES_AGGRESSIVE;
				CLANG_WARN_UNREACHABLE_CODE = YES;
				CLANG_WARN__DUPLICATE_METHOD_MATCH = YES;
				COPY_PHASE_STRIP = NO;
				DEBUG_INFORMATION_FORMAT = dwarf;
				ENABLE_STRICT_OBJC_MSGSEND = YES;
				ENABLE_TESTABILITY = YES;
				ENABLE_USER_SCRIPT_SANDBOXING = YES;
				GCC_C_LANGUAGE_STANDARD = gnu17;
				GCC_DYNAMIC_NO_PIC = NO;
				GCC_NO_COMMON_BLOCKS = YES;
				GCC_OPTIMIZATION_LEVEL = 0;
				GCC_PREPROCESSOR_DEFINITIONS = (
					"DEBUG=1",
					"$(inherited)",
				);
				GCC_WARN_64_TO_32_BIT_CONVERSION = YES;
				GCC_WARN_ABOUT_RETURN_TYPE = YES_ERROR;
				GCC_WARN_UNDECLARED_SELECTOR = YES;
				GCC_WARN_UNINITIALIZED_AUTOS = YES_AGGRESSIVE;
				GCC_WARN_UNUSED_FUNCTION = YES;
				GCC_WARN_UNUSED_VARIABLE = YES;
				IPHONEOS_DEPLOYMENT_TARGET = 17.5;
				LOCALIZATION_PREFERS_STRING_CATALOGS = YES;
				MTL_ENABLE_DEBUG_INFO = INCLUDE_SOURCE;
				MTL_FAST_MATH = YES;
				ONLY_ACTIVE_ARCH = YES;
				SDKROOT = iphoneos;
				SWIFT_ACTIVE_COMPILATION_CONDITIONS = "DEBUG $(inherited)";
				SWIFT_OPTIMIZATION_LEVEL = "-Onone";
			};
			name = Debug;
		};
		651550812C7C7AF60025FF74 /* Release */ = {
			isa = XCBuildConfiguration;
			buildSettings = {
				ALWAYS_SEARCH_USER_PATHS = NO;
				ASSETCATALOG_COMPILER_GENERATE_SWIFT_ASSET_SYMBOL_EXTENSIONS = YES;
				CLANG_ANALYZER_NONNULL = YES;
				CLANG_ANALYZER_NUMBER_OBJECT_CONVERSION = YES_AGGRESSIVE;
				CLANG_CXX_LANGUAGE_STANDARD = "gnu++20";
				CLANG_ENABLE_MODULES = YES;
				CLANG_ENABLE_OBJC_ARC = YES;
				CLANG_ENABLE_OBJC_WEAK = YES;
				CLANG_WARN_BLOCK_CAPTURE_AUTORELEASING = YES;
				CLANG_WARN_BOOL_CONVERSION = YES;
				CLANG_WARN_COMMA = YES;
				CLANG_WARN_CONSTANT_CONVERSION = YES;
				CLANG_WARN_DEPRECATED_OBJC_IMPLEMENTATIONS = YES;
				CLANG_WARN_DIRECT_OBJC_ISA_USAGE = YES_ERROR;
				CLANG_WARN_DOCUMENTATION_COMMENTS = YES;
				CLANG_WARN_EMPTY_BODY = YES;
				CLANG_WARN_ENUM_CONVERSION = YES;
				CLANG_WARN_INFINITE_RECURSION = YES;
				CLANG_WARN_INT_CONVERSION = YES;
				CLANG_WARN_NON_LITERAL_NULL_CONVERSION = YES;
				CLANG_WARN_OBJC_IMPLICIT_RETAIN_SELF = YES;
				CLANG_WARN_OBJC_LITERAL_CONVERSION = YES;
				CLANG_WARN_OBJC_ROOT_CLASS = YES_ERROR;
				CLANG_WARN_QUOTED_INCLUDE_IN_FRAMEWORK_HEADER = YES;
				CLANG_WARN_RANGE_LOOP_ANALYSIS = YES;
				CLANG_WARN_STRICT_PROTOTYPES = YES;
				CLANG_WARN_SUSPICIOUS_MOVE = YES;
				CLANG_WARN_UNGUARDED_AVAILABILITY = YES_AGGRESSIVE;
				CLANG_WARN_UNREACHABLE_CODE = YES;
				CLANG_WARN__DUPLICATE_METHOD_MATCH = YES;
				COPY_PHASE_STRIP = NO;
				DEBUG_INFORMATION_FORMAT = "dwarf-with-dsym";
				ENABLE_NS_ASSERTIONS = NO;
				ENABLE_STRICT_OBJC_MSGSEND = YES;
				ENABLE_USER_SCRIPT_SANDBOXING = YES;
				GCC_C_LANGUAGE_STANDARD = gnu17;
				GCC_NO_COMMON_BLOCKS = YES;
				GCC_WARN_64_TO_32_BIT_CONVERSION = YES;
				GCC_WARN_ABOUT_RETURN_TYPE = YES_ERROR;
				GCC_WARN_UNDECLARED_SELECTOR = YES;
				GCC_WARN_UNINITIALIZED_AUTOS = YES_AGGRESSIVE;
				GCC_WARN_UNUSED_FUNCTION = YES;
				GCC_WARN_UNUSED_VARIABLE = YES;
				IPHONEOS_DEPLOYMENT_TARGET = 17.5;
				LOCALIZATION_PREFERS_STRING_CATALOGS = YES;
				MTL_ENABLE_DEBUG_INFO = NO;
				MTL_FAST_MATH = YES;
				SDKROOT = iphoneos;
				SWIFT_COMPILATION_MODE = wholemodule;
				VALIDATE_PRODUCT = YES;
			};
			name = Release;
		};
		651550832C7C7AF60025FF74 /* Debug */ = {
			isa = XCBuildConfiguration;
			buildSettings = {
				ASSETCATALOG_COMPILER_APPICON_NAME = AppIcon;
				ASSETCATALOG_COMPILER_GLOBAL_ACCENT_COLOR_NAME = AccentColor;
				CODE_SIGN_STYLE = Automatic;
				CURRENT_PROJECT_VERSION = 1;
				DEVELOPMENT_TEAM = RWNR5M53QM;
				GENERATE_INFOPLIST_FILE = YES;
				INFOPLIST_FILE = ToDoList/Info.plist;
				INFOPLIST_KEY_UIApplicationSupportsIndirectInputEvents = YES;
				INFOPLIST_KEY_UILaunchStoryboardName = LaunchScreen;
				INFOPLIST_KEY_UISupportedInterfaceOrientations_iPad = "UIInterfaceOrientationPortrait UIInterfaceOrientationPortraitUpsideDown UIInterfaceOrientationLandscapeLeft UIInterfaceOrientationLandscapeRight";
				INFOPLIST_KEY_UISupportedInterfaceOrientations_iPhone = "UIInterfaceOrientationPortrait UIInterfaceOrientationLandscapeLeft UIInterfaceOrientationLandscapeRight";
				LD_RUNPATH_SEARCH_PATHS = (
					"$(inherited)",
					"@executable_path/Frameworks",
				);
				MARKETING_VERSION = 1.0;
				PRODUCT_BUNDLE_IDENTIFIER = ToDoList.artem;
				PRODUCT_NAME = "$(TARGET_NAME)";
				SWIFT_EMIT_LOC_STRINGS = YES;
				SWIFT_VERSION = 5.0;
				TARGETED_DEVICE_FAMILY = "1,2";
			};
			name = Debug;
		};
		651550842C7C7AF60025FF74 /* Release */ = {
			isa = XCBuildConfiguration;
			buildSettings = {
				ASSETCATALOG_COMPILER_APPICON_NAME = AppIcon;
				ASSETCATALOG_COMPILER_GLOBAL_ACCENT_COLOR_NAME = AccentColor;
				CODE_SIGN_STYLE = Automatic;
				CURRENT_PROJECT_VERSION = 1;
				DEVELOPMENT_TEAM = RWNR5M53QM;
				GENERATE_INFOPLIST_FILE = YES;
				INFOPLIST_FILE = ToDoList/Info.plist;
				INFOPLIST_KEY_UIApplicationSupportsIndirectInputEvents = YES;
				INFOPLIST_KEY_UILaunchStoryboardName = LaunchScreen;
				INFOPLIST_KEY_UISupportedInterfaceOrientations_iPad = "UIInterfaceOrientationPortrait UIInterfaceOrientationPortraitUpsideDown UIInterfaceOrientationLandscapeLeft UIInterfaceOrientationLandscapeRight";
				INFOPLIST_KEY_UISupportedInterfaceOrientations_iPhone = "UIInterfaceOrientationPortrait UIInterfaceOrientationLandscapeLeft UIInterfaceOrientationLandscapeRight";
				LD_RUNPATH_SEARCH_PATHS = (
					"$(inherited)",
					"@executable_path/Frameworks",
				);
				MARKETING_VERSION = 1.0;
				PRODUCT_BUNDLE_IDENTIFIER = ToDoList.artem;
				PRODUCT_NAME = "$(TARGET_NAME)";
				SWIFT_EMIT_LOC_STRINGS = YES;
				SWIFT_VERSION = 5.0;
				TARGETED_DEVICE_FAMILY = "1,2";
			};
			name = Release;
		};
/* End XCBuildConfiguration section */

/* Begin XCConfigurationList section */
		651550692C7C7AF40025FF74 /* Build configuration list for PBXProject "ToDoList" */ = {
			isa = XCConfigurationList;
			buildConfigurations = (
				651550802C7C7AF60025FF74 /* Debug */,
				651550812C7C7AF60025FF74 /* Release */,
			);
			defaultConfigurationIsVisible = 0;
			defaultConfigurationName = Release;
		};
		651550822C7C7AF60025FF74 /* Build configuration list for PBXNativeTarget "ToDoList" */ = {
			isa = XCConfigurationList;
			buildConfigurations = (
				651550832C7C7AF60025FF74 /* Debug */,
				651550842C7C7AF60025FF74 /* Release */,
			);
			defaultConfigurationIsVisible = 0;
			defaultConfigurationName = Release;
		};
/* End XCConfigurationList section */

/* Begin XCVersionGroup section */
		651550A42C7F3C510025FF74 /* CoreData.xcdatamodeld */ = {
			isa = XCVersionGroup;
			children = (
				651550A52C7F3C510025FF74 /* CoreData.xcdatamodel */,
			);
			currentVersion = 651550A52C7F3C510025FF74 /* CoreData.xcdatamodel */;
			name = CoreData.xcdatamodeld;
			path = /Users/artemsolovev/Documents/ToDoList/ToDoList/CoreData.xcdatamodeld;
			sourceTree = "<group>";
			versionGroupType = wrapper.xcdatamodel;
		};
/* End XCVersionGroup section */
	};
	rootObject = 651550662C7C7AF40025FF74 /* Project object */;
}
